
Microsoft Visual Studio Solution File, Format Version 12.00
# Visual Studio Version 17
VisualStudioVersion = 17.0.31903.59
MinimumVisualStudioVersion = 10.0.40219.1
Project("{FAE04EC0-301F-11D3-BF4B-00C04F79EFBC}") = "LogisticsAPI", "LogisticsAPI\LogisticsAPI.csproj", "{65C406AA-BA42-49C3-938F-6025AD162921}"
EndProject
Project("{FAE04EC0-301F-11D3-BF4B-00C04F79EFBC}") = "Logistics.DAL", "Logistics.DAL\Logistics.DAL.csproj", "{564A774C-5923-4A91-8E3B-C67E9973D4C2}"
EndProject
Project("{FAE04EC0-301F-11D3-BF4B-00C04F79EFBC}") = "LogisticsBLL", "LogisticsBLL\LogisticsBLL.csproj", "{A08DB712-BDA2-4CAC-8FE3-1452C37907DB}"
EndProject
Global
	GlobalSection(SolutionConfigurationPlatforms) = preSolution
		Debug|Any CPU = Debug|Any CPU
		Release|Any CPU = Release|Any CPU
	EndGlobalSection
	GlobalSection(ProjectConfigurationPlatforms) = postSolution
		{65C406AA-BA42-49C3-938F-6025AD162921}.Debug|Any CPU.ActiveCfg = Debug|Any CPU
		{65C406AA-BA42-49C3-938F-6025AD162921}.Debug|Any CPU.Build.0 = Debug|Any CPU
		{65C406AA-BA42-49C3-938F-6025AD162921}.Release|Any CPU.ActiveCfg = Release|Any CPU
		{65C406AA-BA42-49C3-938F-6025AD162921}.Release|Any CPU.Build.0 = Release|Any CPU
		{564A774C-5923-4A91-8E3B-C67E9973D4C2}.Debug|Any CPU.ActiveCfg = Debug|Any CPU
		{564A774C-5923-4A91-8E3B-C67E9973D4C2}.Debug|Any CPU.Build.0 = Debug|Any CPU
		{564A774C-5923-4A91-8E3B-C67E9973D4C2}.Release|Any CPU.ActiveCfg = Release|Any CPU
		{564A774C-5923-4A91-8E3B-C67E9973D4C2}.Release|Any CPU.Build.0 = Release|Any CPU
		{A08DB712-BDA2-4CAC-8FE3-1452C37907DB}.Debug|Any CPU.ActiveCfg = Debug|Any CPU
		{A08DB712-BDA2-4CAC-8FE3-1452C37907DB}.Debug|Any CPU.Build.0 = Debug|Any CPU
		{A08DB712-BDA2-4CAC-8FE3-1452C37907DB}.Release|Any CPU.ActiveCfg = Release|Any CPU
		{A08DB712-BDA2-4CAC-8FE3-1452C37907DB}.Release|Any CPU.Build.0 = Release|Any CPU
	EndGlobalSection
	GlobalSection(SolutionProperties) = preSolution
		HideSolutionNode = FALSE
	EndGlobalSection
	GlobalSection(ExtensibilityGlobals) = postSolution
		SolutionGuid = {7B3C0FA1-1DDB-4069-B627-1F2D42117619}
	EndGlobalSection
EndGlobal
